
Microsoft Visual Studio Solution File, Format Version 12.00
# Visual Studio 2012
Project("{FAE04EC0-301F-11D3-BF4B-00C04F79EFBC}") = "MongoConnect", "MongoConnect\MongoConnect.csproj", "{C9E6A953-CFBA-4C6D-8F70-D5FDAD1BB4CE}"
EndProject
Project("{FAE04EC0-301F-11D3-BF4B-00C04F79EFBC}") = "SimpleTest", "SimpleTest\SimpleTest.csproj", "{90B8E847-2678-4E5F-9007-EA3FE76B760F}"
EndProject
Global
	GlobalSection(SolutionConfigurationPlatforms) = preSolution
		Debug|Any CPU = Debug|Any CPU
		Release|Any CPU = Release|Any CPU
	EndGlobalSection
	GlobalSection(ProjectConfigurationPlatforms) = postSolution
		{C9E6A953-CFBA-4C6D-8F70-D5FDAD1BB4CE}.Debug|Any CPU.ActiveCfg = Debug|Any CPU
		{C9E6A953-CFBA-4C6D-8F70-D5FDAD1BB4CE}.Debug|Any CPU.Build.0 = Debug|Any CPU
		{C9E6A953-CFBA-4C6D-8F70-D5FDAD1BB4CE}.Release|Any CPU.ActiveCfg = Release|Any CPU
		{C9E6A953-CFBA-4C6D-8F70-D5FDAD1BB4CE}.Release|Any CPU.Build.0 = Release|Any CPU
		{90B8E847-2678-4E5F-9007-EA3FE76B760F}.Debug|Any CPU.ActiveCfg = Debug|Any CPU
		{90B8E847-2678-4E5F-9007-EA3FE76B760F}.Debug|Any CPU.Build.0 = Debug|Any CPU
		{90B8E847-2678-4E5F-9007-EA3FE76B760F}.Release|Any CPU.ActiveCfg = Release|Any CPU
		{90B8E847-2678-4E5F-9007-EA3FE76B760F}.Release|Any CPU.Build.0 = Release|Any CPU
	EndGlobalSection
	GlobalSection(SolutionProperties) = preSolution
		HideSolutionNode = FALSE
	EndGlobalSection
EndGlobal
